<?xml version="1.0" encoding="utf-8"?>
<Project ToolsVersion="4.0" xmlns="http://schemas.microsoft.com/developer/msbuild/2003">
  <ItemGroup>
    <Filter Include="Alternate">
      <UniqueIdentifier>{E580C406-51EB-787D-9A29-2A2306D356D2}</UniqueIdentifier>
    </Filter>
    <Filter Include="Alternate\Events">
      <UniqueIdentifier>{29990D4F-1592-2CA1-3EC4-11262A1C0CAD}</UniqueIdentifier>
    </Filter>
    <Filter Include="Platfrom">
      <UniqueIdentifier>{8AD388B4-76A0-E3BF-9FB9-D1678BE5184E}</UniqueIdentifier>
    </Filter>
    <Filter Include="Platfrom\Windows">
      <UniqueIdentifier>{C467CE9E-B060-EDF0-D992-D275C5EACCFC}</UniqueIdentifier>
    </Filter>
  </ItemGroup>
  <ItemGroup>
    <ClInclude Include="src\Alternate.h" />
    <ClInclude Include="src\Alternate\Application.h">
      <Filter>Alternate</Filter>
    </ClInclude>
    <ClInclude Include="src\Alternate\Core.h">
      <Filter>Alternate</Filter>
    </ClInclude>
    <ClInclude Include="src\Alternate\EntryPoint.h">
      <Filter>Alternate</Filter>
    </ClInclude>
    <ClInclude Include="src\Alternate\Events\ApplicationEvent.h">
      <Filter>Alternate\Events</Filter>
    </ClInclude>
    <ClInclude Include="src\Alternate\Events\Event.h">
      <Filter>Alternate\Events</Filter>
    </ClInclude>
    <ClInclude Include="src\Alternate\Events\KeyEvent.h">
      <Filter>Alternate\Events</Filter>
    </ClInclude>
    <ClInclude Include="src\Alternate\Events\MouseEvent.h">
      <Filter>Alternate\Events</Filter>
    </ClInclude>
    <ClInclude Include="src\Alternate\Layer.h">
      <Filter>Alternate</Filter>
    </ClInclude>
    <ClInclude Include="src\Alternate\LayerStack.h">
      <Filter>Alternate</Filter>
    </ClInclude>
    <ClInclude Include="src\Alternate\Log.h">
      <Filter>Alternate</Filter>
    </ClInclude>
    <ClInclude Include="src\Alternate\Window.h">
      <Filter>Alternate</Filter>
    </ClInclude>
    <ClInclude Include="src\Platfrom\Windows\WindowsWindow.h">
      <Filter>Platfrom\Windows</Filter>
    </ClInclude>
    <ClInclude Include="src\altpch.h" />
  </ItemGroup>
  <ItemGroup>
    <ClCompile Include="src\Alternate\Application.cpp">
      <Filter>Alternate</Filter>
    </ClCompile>
    <ClCompile Include="src\Alternate\Layer.cpp">
      <Filter>Alternate</Filter>
    </ClCompile>
    <ClCompile Include="src\Alternate\LayerStack.cpp">
      <Filter>Alternate</Filter>
    </ClCompile>
    <ClCompile Include="src\Alternate\Log.cpp">
      <Filter>Alternate</Filter>
    </ClCompile>
    <ClCompile Include="src\Platfrom\Windows\WindowsWindow.cpp">
      <Filter>Platfrom\Windows</Filter>
    </ClCompile>
    <ClCompile Include="src\altpch.cpp" />
  </ItemGroup>
</Project>