<?xml version="1.0" encoding="utf-8"?>
<Project ToolsVersion="4.0" xmlns="http://schemas.microsoft.com/developer/msbuild/2003">
  <ItemGroup>
    <Filter Include="Header Files">
      <UniqueIdentifier>{c0d2e9b5-3c4c-4ad5-8b17-b714bd525b87}</UniqueIdentifier>
    </Filter>
    <Filter Include="Resource Files">
      <UniqueIdentifier>{8d339681-992c-49a9-af6a-d7bd11854c71}</UniqueIdentifier>
    </Filter>
    <Filter Include="Source Files">
      <UniqueIdentifier>{7a11d9a8-78f3-43e0-bc70-5bb02335e9b4}</UniqueIdentifier>
    </Filter>
  </ItemGroup>
  <ItemGroup>
    <ClInclude Include="src\Alternate\Core.h" />
    <ClInclude Include="src\Alternate\Application.h" />
    <ClInclude Include="src\Alternate.h" />
    <ClInclude Include="src\Alternate\EntryPoint.h" />
  </ItemGroup>
  <ItemGroup>
    <ClCompile Include="src\Alternate\Application.cpp" />
  </ItemGroup>
</Project>